
Microsoft Visual Studio Solution File, Format Version 12.00
# Visual Studio Version 17
VisualStudioVersion = 17.9.34728.123
MinimumVisualStudioVersion = 10.0.40219.1
Project("{D2ABAB84-BF74-430A-B69E-9DC6D40DDA17}") = "ConceptHierarchy", "ConceptHierarchy.dwproj", "{CF447FAD-DADC-4D0E-BB05-C874EC013FF4}"
EndProject
Global
	GlobalSection(SolutionConfigurationPlatforms) = preSolution
		Development|Default = Development|Default
	EndGlobalSection
	GlobalSection(ProjectConfigurationPlatforms) = postSolution
		{CF447FAD-DADC-4D0E-BB05-C874EC013FF4}.Development|Default.ActiveCfg = Development
		{CF447FAD-DADC-4D0E-BB05-C874EC013FF4}.Development|Default.Build.0 = Development
		{CF447FAD-DADC-4D0E-BB05-C874EC013FF4}.Development|Default.Deploy.0 = Development
	EndGlobalSection
	GlobalSection(SolutionProperties) = preSolution
		HideSolutionNode = FALSE
	EndGlobalSection
	GlobalSection(ExtensibilityGlobals) = postSolution
		SolutionGuid = {AC4E90BA-135D-4E51-BA51-8BB499E835C0}
	EndGlobalSection
EndGlobal
