
Microsoft Visual Studio Solution File, Format Version 12.00
# Visual Studio Version 17
VisualStudioVersion = 17.4.33205.214
MinimumVisualStudioVersion = 10.0.40219.1
Project("{FAE04EC0-301F-11D3-BF4B-00C04F79EFBC}") = "Facultativ", "Facultativ\Facultativ.csproj", "{C8DE1879-146A-44E4-9D6B-B72C9595D8B8}"
EndProject
Global
	GlobalSection(SolutionConfigurationPlatforms) = preSolution
		Debug|Any CPU = Debug|Any CPU
		Release|Any CPU = Release|Any CPU
	EndGlobalSection
	GlobalSection(ProjectConfigurationPlatforms) = postSolution
		{C8DE1879-146A-44E4-9D6B-B72C9595D8B8}.Debug|Any CPU.ActiveCfg = Debug|Any CPU
		{C8DE1879-146A-44E4-9D6B-B72C9595D8B8}.Debug|Any CPU.Build.0 = Debug|Any CPU
		{C8DE1879-146A-44E4-9D6B-B72C9595D8B8}.Release|Any CPU.ActiveCfg = Release|Any CPU
		{C8DE1879-146A-44E4-9D6B-B72C9595D8B8}.Release|Any CPU.Build.0 = Release|Any CPU
	EndGlobalSection
	GlobalSection(SolutionProperties) = preSolution
		HideSolutionNode = FALSE
	EndGlobalSection
	GlobalSection(ExtensibilityGlobals) = postSolution
		SolutionGuid = {488BC331-279D-431F-B4A2-E6DE2D96FB63}
	EndGlobalSection
EndGlobal
